
Microsoft Visual Studio Solution File, Format Version 12.00
# Visual Studio Version 17
VisualStudioVersion = 17.2.32519.379
MinimumVisualStudioVersion = 10.0.40219.1
Project("{FAE04EC0-301F-11D3-BF4B-00C04F79EFBC}") = "pryFollentiSP1", "pryFollentiSP1\pryFollentiSP1.csproj", "{898475E3-3FD3-4E58-89A6-197C777FCBA6}"
EndProject
Global
	GlobalSection(SolutionConfigurationPlatforms) = preSolution
		Debug|Any CPU = Debug|Any CPU
		Release|Any CPU = Release|Any CPU
	EndGlobalSection
	GlobalSection(ProjectConfigurationPlatforms) = postSolution
		{898475E3-3FD3-4E58-89A6-197C777FCBA6}.Debug|Any CPU.ActiveCfg = Debug|Any CPU
		{898475E3-3FD3-4E58-89A6-197C777FCBA6}.Debug|Any CPU.Build.0 = Debug|Any CPU
		{898475E3-3FD3-4E58-89A6-197C777FCBA6}.Release|Any CPU.ActiveCfg = Release|Any CPU
		{898475E3-3FD3-4E58-89A6-197C777FCBA6}.Release|Any CPU.Build.0 = Release|Any CPU
	EndGlobalSection
	GlobalSection(SolutionProperties) = preSolution
		HideSolutionNode = FALSE
	EndGlobalSection
	GlobalSection(ExtensibilityGlobals) = postSolution
		SolutionGuid = {2F977F92-FE84-41A6-9638-88F760A46FCE}
	EndGlobalSection
EndGlobal
